
Microsoft Visual Studio Solution File, Format Version 12.00
# Visual Studio Version 16
VisualStudioVersion = 16.0.30413.136
MinimumVisualStudioVersion = 10.0.40219.1
Project("{FAE04EC0-301F-11D3-BF4B-00C04F79EFBC}") = "CsharpUnitTestAsignment1", "CsharpUnitTestAsignment1\CsharpUnitTestAsignment1.csproj", "{DCB8B2F3-2469-49B4-80A7-BC3F8FDEEEFF}"
EndProject
Project("{FAE04EC0-301F-11D3-BF4B-00C04F79EFBC}") = "CsharpUnitTestAsignment1Tests", "CsharpUnitTestAsignment1Tests\CsharpUnitTestAsignment1Tests.csproj", "{56B35154-2E8C-4746-B2CB-B7996D10F6BA}"
EndProject
Global
	GlobalSection(SolutionConfigurationPlatforms) = preSolution
		Debug|Any CPU = Debug|Any CPU
		Release|Any CPU = Release|Any CPU
	EndGlobalSection
	GlobalSection(ProjectConfigurationPlatforms) = postSolution
		{DCB8B2F3-2469-49B4-80A7-BC3F8FDEEEFF}.Debug|Any CPU.ActiveCfg = Debug|Any CPU
		{DCB8B2F3-2469-49B4-80A7-BC3F8FDEEEFF}.Debug|Any CPU.Build.0 = Debug|Any CPU
		{DCB8B2F3-2469-49B4-80A7-BC3F8FDEEEFF}.Release|Any CPU.ActiveCfg = Release|Any CPU
		{DCB8B2F3-2469-49B4-80A7-BC3F8FDEEEFF}.Release|Any CPU.Build.0 = Release|Any CPU
		{56B35154-2E8C-4746-B2CB-B7996D10F6BA}.Debug|Any CPU.ActiveCfg = Debug|Any CPU
		{56B35154-2E8C-4746-B2CB-B7996D10F6BA}.Debug|Any CPU.Build.0 = Debug|Any CPU
		{56B35154-2E8C-4746-B2CB-B7996D10F6BA}.Release|Any CPU.ActiveCfg = Release|Any CPU
		{56B35154-2E8C-4746-B2CB-B7996D10F6BA}.Release|Any CPU.Build.0 = Release|Any CPU
	EndGlobalSection
	GlobalSection(SolutionProperties) = preSolution
		HideSolutionNode = FALSE
	EndGlobalSection
	GlobalSection(ExtensibilityGlobals) = postSolution
		SolutionGuid = {E3A0343D-D1C6-482A-8C84-B369615F213C}
	EndGlobalSection
EndGlobal
